<?xml version="1.0" encoding="utf-8"?>
<Project ToolsVersion="4.0" xmlns="http://schemas.microsoft.com/developer/msbuild/2003">
  <ItemGroup>
    <Filter Include="Исходные файлы">
      <UniqueIdentifier>{4FC737F1-C7A5-4376-A066-2A32D752A2FF}</UniqueIdentifier>
      <Extensions>cpp;c;cc;cxx;def;odl;idl;hpj;bat;asm;asmx</Extensions>
    </Filter>
    <Filter Include="Шейдеры">
      <UniqueIdentifier>{2f0ddf48-75d3-4a14-aa4d-a6024cde1479}</UniqueIdentifier>
    </Filter>
    <Filter Include="Шейдеры\Graphics">
      <UniqueIdentifier>{64964520-5999-40fc-9c22-a54ed3888788}</UniqueIdentifier>
    </Filter>
    <Filter Include="Шейдеры\Сomputing">
      <UniqueIdentifier>{57baf64a-1802-46b9-b2fb-2b874ce7b9fd}</UniqueIdentifier>
    </Filter>
    <Filter Include="Библиотеки">
      <UniqueIdentifier>{34b6ebfa-935a-4f42-9c62-9f9e11cc6e44}</UniqueIdentifier>
    </Filter>
    <Filter Include="Библиотеки\OpenGL">
      <UniqueIdentifier>{ddfc9bb5-cd80-4612-a732-ae542d900b92}</UniqueIdentifier>
    </Filter>
    <Filter Include="Исходные файлы\Графика">
      <UniqueIdentifier>{6318bbec-0747-4db0-893e-f0ea5b10fd69}</UniqueIdentifier>
    </Filter>
    <Filter Include="Библиотеки\Imgui">
      <UniqueIdentifier>{fb5cc7fb-b511-4b79-be1b-ab9bc5a3fe54}</UniqueIdentifier>
    </Filter>
    <Filter Include="Шейдеры\Graphics\cells">
      <UniqueIdentifier>{776a5b44-3a0f-454d-b9e4-1c01c5c8b302}</UniqueIdentifier>
    </Filter>
    <Filter Include="Шейдеры\Graphics\petri">
      <UniqueIdentifier>{bf52f0ec-f8f7-45f3-a143-de926f8277c1}</UniqueIdentifier>
    </Filter>
    <Filter Include="Исходные файлы\Симуляция">
      <UniqueIdentifier>{ebbd46c4-ca44-4252-9634-ede56793202c}</UniqueIdentifier>
    </Filter>
    <Filter Include="Шейдеры\Graphics\force">
      <UniqueIdentifier>{35593ae7-5915-4d44-82c7-2601270e900f}</UniqueIdentifier>
    </Filter>
    <Filter Include="Фасады">
      <UniqueIdentifier>{16991e4e-be9b-42e3-8103-1811d7c3c3e5}</UniqueIdentifier>
    </Filter>
    <Filter Include="Библиотеки\OSL">
      <UniqueIdentifier>{40463903-03a9-4e32-a5ee-40ede6ee6560}</UniqueIdentifier>
    </Filter>
    <Filter Include="Библиотеки\SHAD">
      <UniqueIdentifier>{f806d213-e7da-49a0-9645-fd12526bbe21}</UniqueIdentifier>
    </Filter>
  </ItemGroup>
  <ItemGroup>
    <ClCompile Include="..\..\..\..\..\..\Microsoft Visual Studio\GlobalLibs\ImGui\imgui.cpp">
      <Filter>Библиотеки\Imgui</Filter>
    </ClCompile>
    <ClCompile Include="..\..\..\..\..\..\Microsoft Visual Studio\GlobalLibs\ImGui\imgui_draw.cpp">
      <Filter>Библиотеки\Imgui</Filter>
    </ClCompile>
    <ClCompile Include="..\..\..\..\..\..\Microsoft Visual Studio\GlobalLibs\ImGui\imgui_impl_glfw.cpp">
      <Filter>Библиотеки\Imgui</Filter>
    </ClCompile>
    <ClCompile Include="..\..\..\..\..\..\Microsoft Visual Studio\GlobalLibs\ImGui\imgui_impl_opengl3.cpp">
      <Filter>Библиотеки\Imgui</Filter>
    </ClCompile>
    <ClCompile Include="..\..\..\..\..\..\Microsoft Visual Studio\GlobalLibs\ImGui\imgui_tables.cpp">
      <Filter>Библиотеки\Imgui</Filter>
    </ClCompile>
    <ClCompile Include="..\..\..\..\..\..\Microsoft Visual Studio\GlobalLibs\ImGui\imgui_widgets.cpp">
      <Filter>Библиотеки\Imgui</Filter>
    </ClCompile>
    <ClCompile Include="..\..\..\..\..\..\Microsoft Visual Studio\GlobalModuls\GLFW\window\window.ixx">
      <Filter>Библиотеки\OpenGL</Filter>
    </ClCompile>
    <ClCompile Include="..\..\..\..\..\..\Microsoft Visual Studio\GlobalModuls\GLFW\error\error.ixx">
      <Filter>Библиотеки\OpenGL</Filter>
    </ClCompile>
    <ClCompile Include="..\..\..\..\..\..\Microsoft Visual Studio\GlobalModuls\GLFW\event\event.ixx">
      <Filter>Библиотеки\OpenGL</Filter>
    </ClCompile>
    <ClCompile Include="..\..\..\..\..\..\Microsoft Visual Studio\GlobalModuls\GLFW\helper\helper.ixx">
      <Filter>Библиотеки\OpenGL</Filter>
    </ClCompile>
    <ClCompile Include="..\..\..\..\..\..\Microsoft Visual Studio\GlobalModuls\GLFW\joystick\joystick.ixx">
      <Filter>Библиотеки\OpenGL</Filter>
    </ClCompile>
    <ClCompile Include="..\..\..\..\..\..\Microsoft Visual Studio\GlobalModuls\GLFW\monitor\monitor.ixx">
      <Filter>Библиотеки\OpenGL</Filter>
    </ClCompile>
    <ClCompile Include="..\..\..\..\..\..\Microsoft Visual Studio\GlobalModuls\GLFW\native\native.ixx">
      <Filter>Библиотеки\OpenGL</Filter>
    </ClCompile>
    <ClCompile Include="..\..\..\..\..\..\Microsoft Visual Studio\GlobalModuls\GLFW\version\version.ixx">
      <Filter>Библиотеки\OpenGL</Filter>
    </ClCompile>
    <ClCompile Include="..\..\..\..\..\..\Microsoft Visual Studio\GlobalModuls\GLFW\glfwppm.ixx">
      <Filter>Библиотеки\OpenGL</Filter>
    </ClCompile>
    <ClCompile Include="..\..\..\..\..\..\Microsoft Visual Studio\GlobalLibs\OpenGL460\glad\src\glad.c">
      <Filter>Библиотеки\Imgui</Filter>
    </ClCompile>
    <ClCompile Include="World\World.ixx">
      <Filter>Исходные файлы\Симуляция</Filter>
    </ClCompile>
    <ClCompile Include="World\World.cpp">
      <Filter>Исходные файлы\Симуляция</Filter>
    </ClCompile>
    <ClCompile Include="Main.cpp">
      <Filter>Исходные файлы</Filter>
    </ClCompile>
    <ClCompile Include="Context\graphics.cpp">
      <Filter>Исходные файлы\Графика</Filter>
    </ClCompile>
    <ClCompile Include="Context\gui.cpp">
      <Filter>Исходные файлы\Графика</Filter>
    </ClCompile>
    <ClCompile Include="Context\run.cpp">
      <Filter>Исходные файлы\Графика</Filter>
    </ClCompile>
    <ClCompile Include="Context\sync.cpp">
      <Filter>Исходные файлы\Графика</Filter>
    </ClCompile>
    <ClCompile Include="Context\Context.ixx">
      <Filter>Исходные файлы\Графика</Filter>
    </ClCompile>
    <ClCompile Include="Context\control.cpp">
      <Filter>Исходные файлы\Графика</Filter>
    </ClCompile>
  </ItemGroup>
  <ItemGroup>
    <None Include="Shaders\cells.geom">
      <Filter>Шейдеры\Graphics\cells</Filter>
    </None>
    <None Include="Shaders\cells.vert">
      <Filter>Шейдеры\Graphics\cells</Filter>
    </None>
    <None Include="Shaders\cells.frag">
      <Filter>Шейдеры\Graphics\cells</Filter>
    </None>
    <None Include="Shaders\petri.frag">
      <Filter>Шейдеры\Graphics\petri</Filter>
    </None>
    <None Include="Shaders\petri.vert">
      <Filter>Шейдеры\Graphics\petri</Filter>
    </None>
    <None Include="Shaders\force.frag">
      <Filter>Шейдеры\Graphics\force</Filter>
    </None>
    <None Include="Shaders\force.geom">
      <Filter>Шейдеры\Graphics\force</Filter>
    </None>
    <None Include="Shaders\force.vert">
      <Filter>Шейдеры\Graphics\force</Filter>
    </None>
    <None Include="Shaders\lib.glsl">
      <Filter>Шейдеры\Graphics</Filter>
    </None>
  </ItemGroup>
  <ItemGroup>
    <ClInclude Include="monolith_std_osl_header.h">
      <Filter>Библиотеки\OSL</Filter>
    </ClInclude>
    <ClInclude Include="monolith_ogl_imgui_header.h">
      <Filter>Библиотеки\SHAD</Filter>
    </ClInclude>
  </ItemGroup>
</Project>