<?xml version="1.0" encoding="utf-8"?>
<Project ToolsVersion="4.0" xmlns="http://schemas.microsoft.com/developer/msbuild/2003">
  <ItemGroup>
    <Filter Include="Исходные файлы">
      <UniqueIdentifier>{4FC737F1-C7A5-4376-A066-2A32D752A2FF}</UniqueIdentifier>
      <Extensions>cpp;c;cc;cxx;def;odl;idl;hpj;bat;asm;asmx</Extensions>
    </Filter>
    <Filter Include="Шейдеры">
      <UniqueIdentifier>{2f0ddf48-75d3-4a14-aa4d-a6024cde1479}</UniqueIdentifier>
    </Filter>
    <Filter Include="Шейдеры\Graphics">
      <UniqueIdentifier>{64964520-5999-40fc-9c22-a54ed3888788}</UniqueIdentifier>
    </Filter>
    <Filter Include="Шейдеры\Сomputing">
      <UniqueIdentifier>{57baf64a-1802-46b9-b2fb-2b874ce7b9fd}</UniqueIdentifier>
    </Filter>
    <Filter Include="Библиотеки">
      <UniqueIdentifier>{34b6ebfa-935a-4f42-9c62-9f9e11cc6e44}</UniqueIdentifier>
    </Filter>
    <Filter Include="Библиотеки\OpenGL">
      <UniqueIdentifier>{ddfc9bb5-cd80-4612-a732-ae542d900b92}</UniqueIdentifier>
    </Filter>
  </ItemGroup>
  <ItemGroup>
    <ClCompile Include="Main.cpp">
      <Filter>Исходные файлы</Filter>
    </ClCompile>
    <ClCompile Include="OpenGL\glad.c">
      <Filter>Библиотеки\OpenGL</Filter>
    </ClCompile>
  </ItemGroup>
  <ItemGroup>
    <ClInclude Include="include.h">
      <Filter>Исходные файлы</Filter>
    </ClInclude>
  </ItemGroup>
</Project>